
Microsoft Visual Studio Solution File, Format Version 12.00
# Visual Studio Version 17
VisualStudioVersion = 17.2.32505.173
MinimumVisualStudioVersion = 10.0.40219.1
Project("{FAE04EC0-301F-11D3-BF4B-00C04F79EFBC}") = "TestRazorApp", "TestRazorApp\TestRazorApp.csproj", "{D358C704-EEA9-4BDB-8823-7F1B4244132E}"
EndProject
Global
	GlobalSection(SolutionConfigurationPlatforms) = preSolution
		Debug|Any CPU = Debug|Any CPU
		Release|Any CPU = Release|Any CPU
	EndGlobalSection
	GlobalSection(ProjectConfigurationPlatforms) = postSolution
		{D358C704-EEA9-4BDB-8823-7F1B4244132E}.Debug|Any CPU.ActiveCfg = Debug|Any CPU
		{D358C704-EEA9-4BDB-8823-7F1B4244132E}.Debug|Any CPU.Build.0 = Debug|Any CPU
		{D358C704-EEA9-4BDB-8823-7F1B4244132E}.Release|Any CPU.ActiveCfg = Release|Any CPU
		{D358C704-EEA9-4BDB-8823-7F1B4244132E}.Release|Any CPU.Build.0 = Release|Any CPU
	EndGlobalSection
	GlobalSection(SolutionProperties) = preSolution
		HideSolutionNode = FALSE
	EndGlobalSection
	GlobalSection(ExtensibilityGlobals) = postSolution
		SolutionGuid = {A5939AC2-BE2D-4E6D-904C-9BC6F8466492}
	EndGlobalSection
EndGlobal
